
Microsoft Visual Studio Solution File, Format Version 12.00
# Visual Studio Version 17
VisualStudioVersion = 17.11.35327.3
MinimumVisualStudioVersion = 10.0.40219.1
Project("{9A19103F-16F7-4668-BE54-9A1E7A4F7556}") = "QualRazorCore", "QualRazorCore\QualRazorCore.csproj", "{C159D86D-90C9-457A-B910-D9750150BBD6}"
EndProject
Project("{9A19103F-16F7-4668-BE54-9A1E7A4F7556}") = "BlazorCustomInput", "..\..\..\BlazorTools\BlazorCustomInput\BlazorCustomInput\BlazorCustomInput.csproj", "{547418CC-BE3D-49C3-ADB5-54B389CF290C}"
EndProject
Project("{9A19103F-16F7-4668-BE54-9A1E7A4F7556}") = "BlazorToaster", "..\..\..\BlazorTools\BlazorToaster\BlazorToaster\BlazorToaster.csproj", "{75E1DB34-E5CA-4CFC-A1B6-A31FEA7C699F}"
EndProject
Project("{9A19103F-16F7-4668-BE54-9A1E7A4F7556}") = "QualRazorCore.test", "QualRazorCore.test\QualRazorCore.test.csproj", "{0C233894-0313-5E21-1DB7-372DE79232CB}"
EndProject
Global
	GlobalSection(SolutionConfigurationPlatforms) = preSolution
		Debug|Any CPU = Debug|Any CPU
		Release|Any CPU = Release|Any CPU
	EndGlobalSection
	GlobalSection(ProjectConfigurationPlatforms) = postSolution
		{C159D86D-90C9-457A-B910-D9750150BBD6}.Debug|Any CPU.ActiveCfg = Debug|Any CPU
		{C159D86D-90C9-457A-B910-D9750150BBD6}.Debug|Any CPU.Build.0 = Debug|Any CPU
		{C159D86D-90C9-457A-B910-D9750150BBD6}.Release|Any CPU.ActiveCfg = Release|Any CPU
		{C159D86D-90C9-457A-B910-D9750150BBD6}.Release|Any CPU.Build.0 = Release|Any CPU
		{547418CC-BE3D-49C3-ADB5-54B389CF290C}.Debug|Any CPU.ActiveCfg = Debug|Any CPU
		{547418CC-BE3D-49C3-ADB5-54B389CF290C}.Debug|Any CPU.Build.0 = Debug|Any CPU
		{547418CC-BE3D-49C3-ADB5-54B389CF290C}.Release|Any CPU.ActiveCfg = Release|Any CPU
		{547418CC-BE3D-49C3-ADB5-54B389CF290C}.Release|Any CPU.Build.0 = Release|Any CPU
		{75E1DB34-E5CA-4CFC-A1B6-A31FEA7C699F}.Debug|Any CPU.ActiveCfg = Debug|Any CPU
		{75E1DB34-E5CA-4CFC-A1B6-A31FEA7C699F}.Debug|Any CPU.Build.0 = Debug|Any CPU
		{75E1DB34-E5CA-4CFC-A1B6-A31FEA7C699F}.Release|Any CPU.ActiveCfg = Release|Any CPU
		{75E1DB34-E5CA-4CFC-A1B6-A31FEA7C699F}.Release|Any CPU.Build.0 = Release|Any CPU
		{0C233894-0313-5E21-1DB7-372DE79232CB}.Debug|Any CPU.ActiveCfg = Debug|Any CPU
		{0C233894-0313-5E21-1DB7-372DE79232CB}.Debug|Any CPU.Build.0 = Debug|Any CPU
		{0C233894-0313-5E21-1DB7-372DE79232CB}.Release|Any CPU.ActiveCfg = Release|Any CPU
		{0C233894-0313-5E21-1DB7-372DE79232CB}.Release|Any CPU.Build.0 = Release|Any CPU
	EndGlobalSection
	GlobalSection(SolutionProperties) = preSolution
		HideSolutionNode = FALSE
	EndGlobalSection
	GlobalSection(ExtensibilityGlobals) = postSolution
		SolutionGuid = {1900833C-AF4C-4C3A-AD19-E299EAB31FB8}
	EndGlobalSection
EndGlobal
