
Microsoft Visual Studio Solution File, Format Version 12.00
# Visual Studio Version 17
VisualStudioVersion = 17.11.35327.3
MinimumVisualStudioVersion = 10.0.40219.1
Project("{9A19103F-16F7-4668-BE54-9A1E7A4F7556}") = "QualRazorLib", "QualRazorLib\QualRazorLib.csproj", "{9B36487B-7865-4505-B14D-71D83EFB650F}"
EndProject
Project("{9A19103F-16F7-4668-BE54-9A1E7A4F7556}") = "QualAnalyzer", "..\QualAnalyzer\QualAnalyzer.csproj", "{6209DCEB-5CA1-4C9D-A558-CF5E7781195F}"
EndProject
Global
	GlobalSection(SolutionConfigurationPlatforms) = preSolution
		Debug|Any CPU = Debug|Any CPU
		Release|Any CPU = Release|Any CPU
	EndGlobalSection
	GlobalSection(ProjectConfigurationPlatforms) = postSolution
		{9B36487B-7865-4505-B14D-71D83EFB650F}.Debug|Any CPU.ActiveCfg = Debug|Any CPU
		{9B36487B-7865-4505-B14D-71D83EFB650F}.Debug|Any CPU.Build.0 = Debug|Any CPU
		{9B36487B-7865-4505-B14D-71D83EFB650F}.Release|Any CPU.ActiveCfg = Release|Any CPU
		{9B36487B-7865-4505-B14D-71D83EFB650F}.Release|Any CPU.Build.0 = Release|Any CPU
		{6209DCEB-5CA1-4C9D-A558-CF5E7781195F}.Debug|Any CPU.ActiveCfg = Debug|Any CPU
		{6209DCEB-5CA1-4C9D-A558-CF5E7781195F}.Debug|Any CPU.Build.0 = Debug|Any CPU
		{6209DCEB-5CA1-4C9D-A558-CF5E7781195F}.Release|Any CPU.ActiveCfg = Release|Any CPU
		{6209DCEB-5CA1-4C9D-A558-CF5E7781195F}.Release|Any CPU.Build.0 = Release|Any CPU
	EndGlobalSection
	GlobalSection(SolutionProperties) = preSolution
		HideSolutionNode = FALSE
	EndGlobalSection
	GlobalSection(ExtensibilityGlobals) = postSolution
		SolutionGuid = {E3532383-B236-4096-987A-F471B540FDD0}
	EndGlobalSection
EndGlobal
